
Microsoft Visual Studio Solution File, Format Version 12.00
# Visual Studio Version 17
VisualStudioVersion = 17.7.34221.43
MinimumVisualStudioVersion = 10.0.40219.1
Project("{FAE04EC0-301F-11D3-BF4B-00C04F79EFBC}") = "WebApplication23", "WebApplication23.csproj", "{7FB3DE8A-5BF0-47FC-B705-E50DA8F3CA7C}"
EndProject
Global
	GlobalSection(SolutionConfigurationPlatforms) = preSolution
		Debug|Any CPU = Debug|Any CPU
		Release|Any CPU = Release|Any CPU
	EndGlobalSection
	GlobalSection(ProjectConfigurationPlatforms) = postSolution
		{7FB3DE8A-5BF0-47FC-B705-E50DA8F3CA7C}.Debug|Any CPU.ActiveCfg = Debug|Any CPU
		{7FB3DE8A-5BF0-47FC-B705-E50DA8F3CA7C}.Debug|Any CPU.Build.0 = Debug|Any CPU
		{7FB3DE8A-5BF0-47FC-B705-E50DA8F3CA7C}.Release|Any CPU.ActiveCfg = Release|Any CPU
		{7FB3DE8A-5BF0-47FC-B705-E50DA8F3CA7C}.Release|Any CPU.Build.0 = Release|Any CPU
	EndGlobalSection
	GlobalSection(SolutionProperties) = preSolution
		HideSolutionNode = FALSE
	EndGlobalSection
	GlobalSection(ExtensibilityGlobals) = postSolution
		SolutionGuid = {4933745D-E9B4-4962-BB73-55248D60C99A}
	EndGlobalSection
EndGlobal
